
Microsoft Visual Studio Solution File, Format Version 12.00
# Visual Studio Version 17
VisualStudioVersion = 17.3.32519.111
MinimumVisualStudioVersion = 10.0.40219.1
Project("{FAE04EC0-301F-11D3-BF4B-00C04F79EFBC}") = "openapi-sdk-codegen", "openapi-sdk-codegen\openapi-sdk-codegen.csproj", "{B80BD18E-8EB6-4053-9EFA-10CF1B248FDA}"
EndProject
Global
	GlobalSection(SolutionConfigurationPlatforms) = preSolution
		Debug|Any CPU = Debug|Any CPU
		Release|Any CPU = Release|Any CPU
	EndGlobalSection
	GlobalSection(ProjectConfigurationPlatforms) = postSolution
		{B80BD18E-8EB6-4053-9EFA-10CF1B248FDA}.Debug|Any CPU.ActiveCfg = Debug|Any CPU
		{B80BD18E-8EB6-4053-9EFA-10CF1B248FDA}.Debug|Any CPU.Build.0 = Debug|Any CPU
		{B80BD18E-8EB6-4053-9EFA-10CF1B248FDA}.Release|Any CPU.ActiveCfg = Release|Any CPU
		{B80BD18E-8EB6-4053-9EFA-10CF1B248FDA}.Release|Any CPU.Build.0 = Release|Any CPU
	EndGlobalSection
	GlobalSection(SolutionProperties) = preSolution
		HideSolutionNode = FALSE
	EndGlobalSection
	GlobalSection(ExtensibilityGlobals) = postSolution
		SolutionGuid = {53A7906F-2992-4A20-816C-8B5FC5E8990E}
	EndGlobalSection
EndGlobal
